# This file is autogenerated, do not edit; changes may be undone by the next 'dep ensure'.


[[projects]]
  branch = "v3"
  digest = "1:a3fc1497566f3489f832a726b40eaeb902394ec492730b6ad03fb2e43be96e64"
  name = "gopkg.in/yaml.v3"
  packages = ["."]
  pruneopts = "UT"
  revision = "0b21df46bc1d83409da069ba73978e31b1f1c323"

[solve-meta]
  analyzer-name = "dep"
  analyzer-version = 1
  input-imports = ["gopkg.in/yaml.v3"]
  solver-name = "gps-cdcl"
  solver-version = 1
